github.com/apple/foundationdb/bindings/go v0.0.0-20260416192139-3ea44ce1d900 h1:CNV2HQ5JfSweyw/IlJzi7s1Dx1SlK0rl93uw2cPQO+g=
github.com/apple/foundationdb/bindings/go v0.0.0-20260416192139-3ea44ce1d900/go.mod h1:OMVSB21p9+xQUIqlGizHPZfjK+SHws1ht+ZytVDoz9U=
github.com/go-chi/chi/v5 v5.2.5 h1:Eg4myHZBjyvJmAFjFvWgrqDTXFyOzjj7YIm3L3mu6Ug=
github.com/go-chi/chi/v5 v5.2.5/go.mod h1:X7Gx4mteadT3eDOMTsXzmI4/rwUpOwBHLpAfupzFJP0=
