github.com/apple/foundationdb/bindings/go v0.0.0-20260325184950-2dec986611d7 h1:RuaRicBJAJ/u+XFNcTDnKQLLpOfEnJVSwLEO6P4yKMQ=
github.com/apple/foundationdb/bindings/go v0.0.0-20260325184950-2dec986611d7/go.mod h1:OMVSB21p9+xQUIqlGizHPZfjK+SHws1ht+ZytVDoz9U=
github.com/go-chi/chi/v5 v5.2.5 h1:Eg4myHZBjyvJmAFjFvWgrqDTXFyOzjj7YIm3L3mu6Ug=
github.com/go-chi/chi/v5 v5.2.5/go.mod h1:X7Gx4mteadT3eDOMTsXzmI4/rwUpOwBHLpAfupzFJP0=
